
Microsoft Visual Studio Solution File, Format Version 9.00
# Visual Studio 2005
Project("{8BC9CEB8-8B4A-11D0-8D11-00A0C91BC942}") = "ClamAV-GUI", "ClamAV-GUI.vcproj", "{E9E295BE-05E7-4794-BAC9-55430A2EB3F5}"
EndProject
Global
	GlobalSection(SolutionConfigurationPlatforms) = preSolution
		Debug|Win32 = Debug|Win32
		Release|Win32 = Release|Win32
	EndGlobalSection
	GlobalSection(ProjectConfigurationPlatforms) = postSolution
		{E9E295BE-05E7-4794-BAC9-55430A2EB3F5}.Debug|Win32.ActiveCfg = Debug|Win32
		{E9E295BE-05E7-4794-BAC9-55430A2EB3F5}.Debug|Win32.Build.0 = Debug|Win32
		{E9E295BE-05E7-4794-BAC9-55430A2EB3F5}.Release|Win32.ActiveCfg = Release|Win32
		{E9E295BE-05E7-4794-BAC9-55430A2EB3F5}.Release|Win32.Build.0 = Release|Win32
	EndGlobalSection
	GlobalSection(SolutionProperties) = preSolution
		HideSolutionNode = FALSE
	EndGlobalSection
EndGlobal
